eyebrow: 'Woher die Zahlen kommen'
headline: 'Eine Bevölkerungsbefragung, wissenschaftlich eingeordnet.'
lede: 'Unsere 42 Aussagen stammen aus einer umfangreichen Befragung in Deutschland. Jede wird von Wissenschaftler:innen auf Basis der aktuellen Evidenz eingeordnet — transparent und nachvollziehbar, aktualisiert.'
row1Label: 'ISD Hamburg'
row1Value: 'Institut für Interdisziplinäre Sucht- und Drogenforschung'
row1Link: 'https://www.isd-hamburg.de'
row2Label: 'Bevölkerungsbefragung'
row2Value: 'n = 2.097 Erwachsene · Deutschland August 2025 · gewichtet nach Geschlecht, Alter, Bildung'
row2Link: '/projekt/'
row3Label: 'Wissenschaftlich geprüft'
row3Value: 'Letzte Prüfung der Einordnungen: April 2026'
row3Link: '/projekt/'
