eyebrow: '10 Fragen · ca. 3 Minuten · wissenschaftlich eingeordnet'
headline: 'Wie viele Mythen erkennst du?'
subhead: 'Teste dein Bauchgefühl gegen die Evidenz. Am Ende erfährst du, welche Mythen dich überrascht haben.'
sampleMythText: 'Cannabis ist weniger schädlich als Alkohol.'
sampleMythClassification: 'eher_falsch'
primaryCtaLabel: 'Quiz starten'
primaryCtaUrl: '/quiz/'
secondaryCtaLabel: 'Zur Dashboard-Analyse'
secondaryCtaUrl: '/zahlen-und-fakten/'
